<?xml version="1.0" encoding="utf-8"?>
<Project ToolsVersion="4.0" xmlns="http://schemas.microsoft.com/developer/msbuild/2003">
  <ItemGroup>
    <Filter Include="Source Files">
      <UniqueIdentifier>{4FC737F1-C7A5-4376-A066-2A32D752A2FF}</UniqueIdentifier>
      <Extensions>cpp;c;cxx;def;odl;idl;hpj;bat;asm;asmx</Extensions>
    </Filter>
    <Filter Include="Header Files">
      <UniqueIdentifier>{93995380-89BD-4b04-88EB-625FBE52EBFB}</UniqueIdentifier>
      <Extensions>h;hpp;hxx;hm;inl;inc;xsd</Extensions>
    </Filter>
    <Filter Include="Resource Files">
      <UniqueIdentifier>{67DA6AB6-F800-4c08-8B7A-83BB121AAD01}</UniqueIdentifier>
      <Extensions>rc;ico;cur;bmp;dlg;rc2;rct;bin;rgs;gif;jpg;jpeg;jpe;resx</Extensions>
    </Filter>
    <Filter Include="Python Pre Compile">
      <UniqueIdentifier>{a20fd212-1f57-4f27-b0d6-fe891dc19ecf}</UniqueIdentifier>
    </Filter>
    <Filter Include="Architecture">
      <UniqueIdentifier>{d8d64d45-1006-4142-9527-013c14535d90}</UniqueIdentifier>
    </Filter>
  </ItemGroup>
  <ItemGroup>
    <ClCompile Include="..\common\apctimer.cpp">
      <Filter>Source Files</Filter>
    </ClCompile>
    <ClCompile Include="..\common\base64.cpp">
      <Filter>Source Files</Filter>
    </ClCompile>
    <ClCompile Include="..\common\ChallengeResponse.cpp">
      <Filter>Source Files</Filter>
    </ClCompile>
    <ClCompile Include="..\common\ChallengeResponseHelper.cpp">
      <Filter>Source Files</Filter>
    </ClCompile>
    <ClCompile Include="..\common\CryptoAndFlateHelper.cpp">
      <Filter>Source Files</Filter>
    </ClCompile>
    <ClCompile Include="..\common\CryptoHelper.cpp">
      <Filter>Source Files</Filter>
    </ClCompile>
    <ClCompile Include="..\common\CSmtp.cpp">
      <Filter>Source Files</Filter>
    </ClCompile>
    <ClCompile Include="..\common\EventLogHelper.cpp">
      <Filter>Source Files</Filter>
    </ClCompile>
    <ClCompile Include="..\common\EventLogLicenseHelper.cpp">
      <Filter>Source Files</Filter>
    </ClCompile>
    <ClCompile Include="..\common\FlateHelper.cpp">
      <Filter>Source Files</Filter>
    </ClCompile>
    <ClCompile Include="KeyServer.cpp">
      <Filter>Source Files</Filter>
    </ClCompile>
    <ClCompile Include="KeyServerInstance.cpp">
      <Filter>Source Files</Filter>
    </ClCompile>
    <ClCompile Include="KeySpec.cpp">
      <Filter>Source Files</Filter>
    </ClCompile>
    <ClCompile Include="LicenseCache.cpp">
      <Filter>Source Files</Filter>
    </ClCompile>
    <ClCompile Include="LicenseController.cpp">
      <Filter>Source Files</Filter>
    </ClCompile>
    <ClCompile Include="..\common\LicenseError.cpp">
      <Filter>Source Files</Filter>
    </ClCompile>
    <ClCompile Include="LicenseObject.cpp">
      <Filter>Source Files</Filter>
    </ClCompile>
    <ClCompile Include="..\common\LicensingMessage.cpp">
      <Filter>Source Files</Filter>
    </ClCompile>
    <ClCompile Include="..\common\LicensingSoftwareMessage.cpp">
      <Filter>Source Files</Filter>
    </ClCompile>
    <ClCompile Include="..\common\MultidimensionalSafeArray.cpp">
      <Filter>Source Files</Filter>
    </ClCompile>
    <ClCompile Include="..\common\NetworkUtils.cpp">
      <Filter>Source Files</Filter>
    </ClCompile>
    <ClCompile Include="ProtectionKey.cpp">
      <Filter>Source Files</Filter>
    </ClCompile>
    <ClCompile Include="ProtectionKey_Version1.cpp">
      <Filter>Source Files</Filter>
    </ClCompile>
    <ClCompile Include="RainbowDriver.cpp">
      <Filter>Source Files</Filter>
    </ClCompile>
    <ClCompile Include="..\common\SafeMutex.cpp">
      <Filter>Source Files</Filter>
    </ClCompile>
    <ClCompile Include="..\common\SecurityHelper.cpp">
      <Filter>Source Files</Filter>
    </ClCompile>
    <ClCompile Include="SoftwareServer.cpp">
      <Filter>Source Files</Filter>
    </ClCompile>
    <ClCompile Include="SoftwareServerDataMgr.cpp">
      <Filter>Source Files</Filter>
    </ClCompile>
    <ClCompile Include="..\common\SoftwareSpecInstance.cpp">
      <Filter>Source Files</Filter>
    </ClCompile>
    <ClCompile Include="SolimarLicenseServer.cpp">
      <Filter>Source Files</Filter>
    </ClCompile>
    <ClCompile Include="SolimarLicenseSvr.cpp">
      <Filter>Source Files</Filter>
    </ClCompile>
    <ClCompile Include="SolimarSoftwareLicenseMgr.cpp">
      <Filter>Source Files</Filter>
    </ClCompile>
    <ClCompile Include="USBNotification.cpp">
      <Filter>Source Files</Filter>
    </ClCompile>
    <ClCompile Include="..\common\Version.cpp">
      <Filter>Source Files</Filter>
    </ClCompile>
    <ClCompile Include="..\common\WMIHelper.cpp">
      <Filter>Source Files</Filter>
    </ClCompile>
    <ClCompile Include="..\common\LicAttribsCPP\SpdUtils.cpp">
      <Filter>Source Files</Filter>
    </ClCompile>
    <ClCompile Include="ZZ_SoftwareServerInstance.cpp">
      <Filter>Source Files</Filter>
    </ClCompile>
    <ClCompile Include="..\common\md5.cpp">
      <Filter>Source Files</Filter>
    </ClCompile>
  </ItemGroup>
  <ItemGroup>
    <ClInclude Include="..\common\apctimer.h">
      <Filter>Header Files</Filter>
    </ClInclude>
    <ClInclude Include="..\common\base64.h">
      <Filter>Header Files</Filter>
    </ClInclude>
    <ClInclude Include="..\common\ChallengeResponse.h">
      <Filter>Header Files</Filter>
    </ClInclude>
    <ClInclude Include="..\common\ChallengeResponseHelper.h">
      <Filter>Header Files</Filter>
    </ClInclude>
    <ClInclude Include="..\common\CryptoHelper.h">
      <Filter>Header Files</Filter>
    </ClInclude>
    <ClInclude Include="..\common\CSmtp.h">
      <Filter>Header Files</Filter>
    </ClInclude>
    <ClInclude Include="..\common\LicAttribsCPP\CSpdAttribsBase.h">
      <Filter>Header Files</Filter>
    </ClInclude>
    <ClInclude Include="..\common\IObjectAuthentication.h">
      <Filter>Header Files</Filter>
    </ClInclude>
    <ClInclude Include="KeyMessages.h">
      <Filter>Header Files</Filter>
    </ClInclude>
    <ClInclude Include="KeyServer.h">
      <Filter>Header Files</Filter>
    </ClInclude>
    <ClInclude Include="KeyServerInstance.h">
      <Filter>Header Files</Filter>
    </ClInclude>
    <ClInclude Include="KeySpec.h">
      <Filter>Header Files</Filter>
    </ClInclude>
    <ClInclude Include="..\common\LicAttribsCPP\Lic_PackageAttribs.h">
      <Filter>Header Files</Filter>
    </ClInclude>
    <ClInclude Include="..\common\LicAttribsCPP\Lic_PackageAttribsHelper.h">
      <Filter>Header Files</Filter>
    </ClInclude>
    <ClInclude Include="..\common\LicAttribsCPP\Lic_TestMailServerAttribs.h">
      <Filter>Header Files</Filter>
    </ClInclude>
    <ClInclude Include="..\common\LicAttribsCPP\Lic_UsageInfoAttribs.h">
      <Filter>Header Files</Filter>
    </ClInclude>
    <ClInclude Include="..\common\LicAttribsCPP\LicAttribsBase.h">
      <Filter>Header Files</Filter>
    </ClInclude>
    <ClInclude Include="LicenseCache.h">
      <Filter>Header Files</Filter>
    </ClInclude>
    <ClInclude Include="..\common\LicenseError.h">
      <Filter>Header Files</Filter>
    </ClInclude>
    <ClInclude Include="LicenseObject.h">
      <Filter>Header Files</Filter>
    </ClInclude>
    <ClInclude Include="..\common\LicensingMessage.h">
      <Filter>Header Files</Filter>
    </ClInclude>
    <ClInclude Include="..\common\LicensingSoftwareMessage.h">
      <Filter>Header Files</Filter>
    </ClInclude>
    <ClInclude Include="..\common\MultidimensionalSafeArray.h">
      <Filter>Header Files</Filter>
    </ClInclude>
    <ClInclude Include="ProtectionKey.h">
      <Filter>Header Files</Filter>
    </ClInclude>
    <ClInclude Include="ProtectionKey_Version1.h">
      <Filter>Header Files</Filter>
    </ClInclude>
    <ClInclude Include="RainbowDriver.h">
      <Filter>Header Files</Filter>
    </ClInclude>
    <ClInclude Include="Resource.h">
      <Filter>Header Files</Filter>
    </ClInclude>
    <ClInclude Include="..\common\SafeMutex.h">
      <Filter>Header Files</Filter>
    </ClInclude>
    <ClInclude Include="SoftwareServer.h">
      <Filter>Header Files</Filter>
    </ClInclude>
    <ClInclude Include="SoftwareServerDataMgr.h">
      <Filter>Header Files</Filter>
    </ClInclude>
    <ClInclude Include="..\common\SoftwareSpecInstance.h">
      <Filter>Header Files</Filter>
    </ClInclude>
    <ClInclude Include="SolimarLicenseSvr.h">
      <Filter>Header Files</Filter>
    </ClInclude>
    <ClInclude Include="SolimarSoftwareLicenseMgr.h">
      <Filter>Header Files</Filter>
    </ClInclude>
    <ClInclude Include="stdafx.h">
      <Filter>Header Files</Filter>
    </ClInclude>
    <ClInclude Include="..\common\StringUtils.h">
      <Filter>Header Files</Filter>
    </ClInclude>
    <ClInclude Include="..\common\TimeHelper.h">
      <Filter>Header Files</Filter>
    </ClInclude>
    <ClInclude Include="USBNotification.h">
      <Filter>Header Files</Filter>
    </ClInclude>
    <ClInclude Include="..\common\Version.h">
      <Filter>Header Files</Filter>
    </ClInclude>
  </ItemGroup>
  <ItemGroup>
    <ResourceCompile Include="SolimarLicenseServer.rc">
      <Filter>Resource Files</Filter>
    </ResourceCompile>
  </ItemGroup>
  <ItemGroup>
    <None Include="SolimarLicenseServer.rgs">
      <Filter>Resource Files</Filter>
    </None>
    <None Include="resources\KeySpecXMLCompiler.py">
      <Filter>Python Pre Compile</Filter>
    </None>
  </ItemGroup>
  <ItemGroup>
    <Text Include="Key Architecture.txt">
      <Filter>Architecture</Filter>
    </Text>
    <Text Include="ReadMe.txt" />
  </ItemGroup>
  <ItemGroup>
    <CustomBuild Include="resources\KeySpec.xml">
      <Filter>Source Files</Filter>
    </CustomBuild>
  </ItemGroup>
</Project>