Microsoft Visual Studio Solution File, Format Version 12.00
# Visual Studio 2012
Project("{2150E333-8FDC-42A3-9474-1A3956D46DE8}") = "Solution Items", "Solution Items", "{F111B110-0EAD-4C55-8F25-39253546B137}"
EndProject
Project("{8BC9CEB8-8B4A-11D0-8D11-00A0C91BC942}") = "SolimarLicenseManager", "SolimarLicenseManager\SolimarLicenseManager.vcxproj", "{59F6B038-5173-4A62-A866-BC1B5826CFFF}"
EndProject
Project("{8BC9CEB8-8B4A-11D0-8D11-00A0C91BC942}") = "SolimarLicenseManagerPS", "SolimarLicenseManager\SolimarLicenseManagerPS.vcxproj", "{71098209-3D45-442A-820A-787C94065CFA}"
EndProject
Project("{8BC9CEB8-8B4A-11D0-8D11-00A0C91BC942}") = "KeyReaderGUI", "KeyReaderGUI\KeyReaderGUI.vcxproj", "{96F6EB14-80CB-4235-B86C-81A4FE4EF255}"
EndProject
Project("{8BC9CEB8-8B4A-11D0-8D11-00A0C91BC942}") = "LicensingTestObtainingProgram", "LicensingTestObtainingProgram\LicensingTestObtainingProgram.vcxproj", "{1B4EAC93-7194-4823-ACF5-C23983E3D2FA}"
EndProject
Project("{8BC9CEB8-8B4A-11D0-8D11-00A0C91BC942}") = "SolimarLicenseManagerDotNet", "SolimarLicenseManagerDotNet\SolimarLicenseManagerDotNet.vcxproj", "{9394710F-23DA-4816-8F33-B62489F7FB8B}"
EndProject
Project("{FAE04EC0-301F-11D3-BF4B-00C04F79EFBC}") = "LicenseMixedModeTesterUI", "LicenseMixedModeTesterUI\LicenseMixedModeTesterUI.csproj", "{49297001-133B-431B-9E9B-71E8620ADAD7}"
EndProject
Project("{8BC9CEB8-8B4A-11D0-8D11-00A0C91BC942}") = "MessageFile", "MessageFile\MessageFile.vcxproj", "{0EA7EB67-EEBA-411B-80F4-D9E00250FFF4}"
EndProject
Project("{FAE04EC0-301F-11D3-BF4B-00C04F79EFBC}") = "Solimar.Licensing.Common", "common\Solimar.Licensing.Common.csproj", "{8FB109FF-36E9-4A3F-A2D6-9DE37EFA2C78}"
EndProject
Project("{FAE04EC0-301F-11D3-BF4B-00C04F79EFBC}") = "SolimarLicenseViewer", "SolimarLicenseViewer\SolimarLicenseViewer.csproj", "{EC94C25C-1C53-4A77-A5F0-3047377944D4}"
EndProject
Project("{FAE04EC0-301F-11D3-BF4B-00C04F79EFBC}") = "Shared.VisualComponents", "Shared.VisualComponents\Shared.VisualComponents.csproj", "{1B63AAE8-F2DF-4495-A7E1-2277ED836BF1}"
EndProject
Project("{8BC9CEB8-8B4A-11D0-8D11-00A0C91BC942}") = "flatelib", "flatelib\flatelib.vcxproj", "{E54415C2-DBB5-4711-89FB-B1EE46997D7E}"
EndProject
Project("{FAE04EC0-301F-11D3-BF4B-00C04F79EFBC}") = "LicensingTest_SoftwareLicense", "LicensingTest_SoftwareLicense\LicensingTest_SoftwareLicense.csproj", "{78B138EC-7471-4211-94A1-5DDEAC255AFE}"
EndProject
Project("{8BC9CEB8-8B4A-11D0-8D11-00A0C91BC942}") = "SolimarLicenseServer", "SolimarLicenseServer\SolimarLicenseServer.vcxproj", "{DD791949-C013-44C7-9044-0BD21F9AAB50}"
EndProject
Project("{FAE04EC0-301F-11D3-BF4B-00C04F79EFBC}") = "ValidationTokenRetriever", "ValidationTokenRetriever\ValidationTokenRetriever.csproj", "{BCFA3DE0-8538-400C-8072-23EC09537DBF}"
EndProject
Project("{FAE04EC0-301F-11D3-BF4B-00C04F79EFBC}") = "SolimarLicenseDiagnosticDataViewer", "SolimarLicenseDiagnosticDataViewer\SolimarLicenseDiagnosticDataViewer.csproj", "{C7555889-9008-4378-BA32-51E82938B624}"
EndProject
Project("{8BC9CEB8-8B4A-11D0-8D11-00A0C91BC942}") = "SolimarLicenseServerPS", "SolimarLicenseServer\SolimarLicenseServerPS.vcxproj", "{D68D0C3B-62EB-4958-9EA6-F709A0F50CBA}"
EndProject
Global
	GlobalSection(SolutionConfigurationPlatforms) = preSolution
		Debug|Any CPU = Debug|Any CPU
		Debug|Mixed Platforms = Debug|Mixed Platforms
		Debug|Win32 = Debug|Win32
		Debug|x64 = Debug|x64
		Release|Any CPU = Release|Any CPU
		Release|Mixed Platforms = Release|Mixed Platforms
		Release|Win32 = Release|Win32
		Release|x64 = Release|x64
		SolimarInternalRelease|Any CPU = SolimarInternalRelease|Any CPU
		SolimarInternalRelease|Mixed Platforms = SolimarInternalRelease|Mixed Platforms
		SolimarInternalRelease|Win32 = SolimarInternalRelease|Win32
		SolimarInternalRelease|x64 = SolimarInternalRelease|x64
	EndGlobalSection
	GlobalSection(ProjectConfigurationPlatforms) = postSolution
		{59F6B038-5173-4A62-A866-BC1B5826CFFF}.Debug|Any CPU.ActiveCfg = Debug|x64
		{59F6B038-5173-4A62-A866-BC1B5826CFFF}.Debug|Mixed Platforms.ActiveCfg = Debug|x64
		{59F6B038-5173-4A62-A866-BC1B5826CFFF}.Debug|Mixed Platforms.Build.0 = Debug|x64
		{59F6B038-5173-4A62-A866-BC1B5826CFFF}.Debug|Win32.ActiveCfg = Debug|Win32
		{59F6B038-5173-4A62-A866-BC1B5826CFFF}.Debug|Win32.Build.0 = Debug|Win32
		{59F6B038-5173-4A62-A866-BC1B5826CFFF}.Debug|x64.ActiveCfg = Debug|x64
		{59F6B038-5173-4A62-A866-BC1B5826CFFF}.Debug|x64.Build.0 = Debug|x64
		{59F6B038-5173-4A62-A866-BC1B5826CFFF}.Release|Any CPU.ActiveCfg = Release|Win32
		{59F6B038-5173-4A62-A866-BC1B5826CFFF}.Release|Mixed Platforms.ActiveCfg = Release|x64
		{59F6B038-5173-4A62-A866-BC1B5826CFFF}.Release|Mixed Platforms.Build.0 = Release|x64
		{59F6B038-5173-4A62-A866-BC1B5826CFFF}.Release|Win32.ActiveCfg = Release|Win32
		{59F6B038-5173-4A62-A866-BC1B5826CFFF}.Release|Win32.Build.0 = Release|Win32
		{59F6B038-5173-4A62-A866-BC1B5826CFFF}.Release|x64.ActiveCfg = Release|x64
		{59F6B038-5173-4A62-A866-BC1B5826CFFF}.Release|x64.Build.0 = Release|x64
		{59F6B038-5173-4A62-A866-BC1B5826CFFF}.SolimarInternalRelease|Any CPU.ActiveCfg = Release|x64
		{59F6B038-5173-4A62-A866-BC1B5826CFFF}.SolimarInternalRelease|Mixed Platforms.ActiveCfg = Release|x64
		{59F6B038-5173-4A62-A866-BC1B5826CFFF}.SolimarInternalRelease|Mixed Platforms.Build.0 = Release|x64
		{59F6B038-5173-4A62-A866-BC1B5826CFFF}.SolimarInternalRelease|Win32.ActiveCfg = Release|Win32
		{59F6B038-5173-4A62-A866-BC1B5826CFFF}.SolimarInternalRelease|Win32.Build.0 = Release|Win32
		{59F6B038-5173-4A62-A866-BC1B5826CFFF}.SolimarInternalRelease|x64.ActiveCfg = Release|x64
		{71098209-3D45-442A-820A-787C94065CFA}.Debug|Any CPU.ActiveCfg = Debug|x64
		{71098209-3D45-442A-820A-787C94065CFA}.Debug|Mixed Platforms.ActiveCfg = Debug|x64
		{71098209-3D45-442A-820A-787C94065CFA}.Debug|Win32.ActiveCfg = Debug|Win32
		{71098209-3D45-442A-820A-787C94065CFA}.Debug|x64.ActiveCfg = Debug|x64
		{71098209-3D45-442A-820A-787C94065CFA}.Release|Any CPU.ActiveCfg = Release|Win32
		{71098209-3D45-442A-820A-787C94065CFA}.Release|Mixed Platforms.ActiveCfg = Release|x64
		{71098209-3D45-442A-820A-787C94065CFA}.Release|Mixed Platforms.Build.0 = Release|x64
		{71098209-3D45-442A-820A-787C94065CFA}.Release|Win32.ActiveCfg = Release|Win32
		{71098209-3D45-442A-820A-787C94065CFA}.Release|x64.ActiveCfg = Release|x64
		{71098209-3D45-442A-820A-787C94065CFA}.SolimarInternalRelease|Any CPU.ActiveCfg = Release|x64
		{71098209-3D45-442A-820A-787C94065CFA}.SolimarInternalRelease|Mixed Platforms.ActiveCfg = Release|x64
		{71098209-3D45-442A-820A-787C94065CFA}.SolimarInternalRelease|Mixed Platforms.Build.0 = Release|x64
		{71098209-3D45-442A-820A-787C94065CFA}.SolimarInternalRelease|Win32.ActiveCfg = Release|Win32
		{71098209-3D45-442A-820A-787C94065CFA}.SolimarInternalRelease|x64.ActiveCfg = Release|x64
		{96F6EB14-80CB-4235-B86C-81A4FE4EF255}.Debug|Any CPU.ActiveCfg = Debug|x64
		{96F6EB14-80CB-4235-B86C-81A4FE4EF255}.Debug|Mixed Platforms.ActiveCfg = Debug|x64
		{96F6EB14-80CB-4235-B86C-81A4FE4EF255}.Debug|Mixed Platforms.Build.0 = Debug|x64
		{96F6EB14-80CB-4235-B86C-81A4FE4EF255}.Debug|Win32.ActiveCfg = Debug|Win32
		{96F6EB14-80CB-4235-B86C-81A4FE4EF255}.Debug|Win32.Build.0 = Debug|Win32
		{96F6EB14-80CB-4235-B86C-81A4FE4EF255}.Debug|x64.ActiveCfg = Debug|x64
		{96F6EB14-80CB-4235-B86C-81A4FE4EF255}.Debug|x64.Build.0 = Debug|x64
		{96F6EB14-80CB-4235-B86C-81A4FE4EF255}.Release|Any CPU.ActiveCfg = Release|Win32
		{96F6EB14-80CB-4235-B86C-81A4FE4EF255}.Release|Mixed Platforms.ActiveCfg = Release|x64
		{96F6EB14-80CB-4235-B86C-81A4FE4EF255}.Release|Mixed Platforms.Build.0 = Release|x64
		{96F6EB14-80CB-4235-B86C-81A4FE4EF255}.Release|Win32.ActiveCfg = Release|Win32
		{96F6EB14-80CB-4235-B86C-81A4FE4EF255}.Release|Win32.Build.0 = Release|Win32
		{96F6EB14-80CB-4235-B86C-81A4FE4EF255}.Release|x64.ActiveCfg = Release|x64
		{96F6EB14-80CB-4235-B86C-81A4FE4EF255}.SolimarInternalRelease|Any CPU.ActiveCfg = Release|x64
		{96F6EB14-80CB-4235-B86C-81A4FE4EF255}.SolimarInternalRelease|Mixed Platforms.ActiveCfg = Release|x64
		{96F6EB14-80CB-4235-B86C-81A4FE4EF255}.SolimarInternalRelease|Mixed Platforms.Build.0 = Release|x64
		{96F6EB14-80CB-4235-B86C-81A4FE4EF255}.SolimarInternalRelease|Win32.ActiveCfg = Release|Win32
		{96F6EB14-80CB-4235-B86C-81A4FE4EF255}.SolimarInternalRelease|Win32.Build.0 = Release|Win32
		{96F6EB14-80CB-4235-B86C-81A4FE4EF255}.SolimarInternalRelease|x64.ActiveCfg = Release|x64
		{1B4EAC93-7194-4823-ACF5-C23983E3D2FA}.Debug|Any CPU.ActiveCfg = Debug|x64
		{1B4EAC93-7194-4823-ACF5-C23983E3D2FA}.Debug|Mixed Platforms.ActiveCfg = Debug|x64
		{1B4EAC93-7194-4823-ACF5-C23983E3D2FA}.Debug|Mixed Platforms.Build.0 = Debug|x64
		{1B4EAC93-7194-4823-ACF5-C23983E3D2FA}.Debug|Win32.ActiveCfg = Debug|Win32
		{1B4EAC93-7194-4823-ACF5-C23983E3D2FA}.Debug|x64.ActiveCfg = Debug|x64
		{1B4EAC93-7194-4823-ACF5-C23983E3D2FA}.Release|Any CPU.ActiveCfg = Release|Win32
		{1B4EAC93-7194-4823-ACF5-C23983E3D2FA}.Release|Mixed Platforms.ActiveCfg = Release|x64
		{1B4EAC93-7194-4823-ACF5-C23983E3D2FA}.Release|Mixed Platforms.Build.0 = Release|x64
		{1B4EAC93-7194-4823-ACF5-C23983E3D2FA}.Release|Win32.ActiveCfg = Release|Win32
		{1B4EAC93-7194-4823-ACF5-C23983E3D2FA}.Release|x64.ActiveCfg = Release|x64
		{1B4EAC93-7194-4823-ACF5-C23983E3D2FA}.SolimarInternalRelease|Any CPU.ActiveCfg = Release|x64
		{1B4EAC93-7194-4823-ACF5-C23983E3D2FA}.SolimarInternalRelease|Mixed Platforms.ActiveCfg = Release|x64
		{1B4EAC93-7194-4823-ACF5-C23983E3D2FA}.SolimarInternalRelease|Mixed Platforms.Build.0 = Release|x64
		{1B4EAC93-7194-4823-ACF5-C23983E3D2FA}.SolimarInternalRelease|Win32.ActiveCfg = Release|Win32
		{1B4EAC93-7194-4823-ACF5-C23983E3D2FA}.SolimarInternalRelease|Win32.Build.0 = Release|Win32
		{1B4EAC93-7194-4823-ACF5-C23983E3D2FA}.SolimarInternalRelease|x64.ActiveCfg = Release|x64
		{1B4EAC93-7194-4823-ACF5-C23983E3D2FA}.SolimarInternalRelease|x64.Build.0 = Release|x64
		{9394710F-23DA-4816-8F33-B62489F7FB8B}.Debug|Any CPU.ActiveCfg = Debug|Win32
		{9394710F-23DA-4816-8F33-B62489F7FB8B}.Debug|Mixed Platforms.ActiveCfg = Debug|x64
		{9394710F-23DA-4816-8F33-B62489F7FB8B}.Debug|Mixed Platforms.Build.0 = Debug|x64
		{9394710F-23DA-4816-8F33-B62489F7FB8B}.Debug|Win32.ActiveCfg = Debug|Win32
		{9394710F-23DA-4816-8F33-B62489F7FB8B}.Debug|Win32.Build.0 = Debug|Win32
		{9394710F-23DA-4816-8F33-B62489F7FB8B}.Debug|x64.ActiveCfg = Debug|x64
		{9394710F-23DA-4816-8F33-B62489F7FB8B}.Debug|x64.Build.0 = Debug|x64
		{9394710F-23DA-4816-8F33-B62489F7FB8B}.Release|Any CPU.ActiveCfg = Release|Win32
		{9394710F-23DA-4816-8F33-B62489F7FB8B}.Release|Mixed Platforms.ActiveCfg = Release|x64
		{9394710F-23DA-4816-8F33-B62489F7FB8B}.Release|Mixed Platforms.Build.0 = Release|x64
		{9394710F-23DA-4816-8F33-B62489F7FB8B}.Release|Win32.ActiveCfg = Release|Win32
		{9394710F-23DA-4816-8F33-B62489F7FB8B}.Release|Win32.Build.0 = Release|Win32
		{9394710F-23DA-4816-8F33-B62489F7FB8B}.Release|x64.ActiveCfg = Release|x64
		{9394710F-23DA-4816-8F33-B62489F7FB8B}.Release|x64.Build.0 = Release|x64
		{9394710F-23DA-4816-8F33-B62489F7FB8B}.SolimarInternalRelease|Any CPU.ActiveCfg = Release|Win32
		{9394710F-23DA-4816-8F33-B62489F7FB8B}.SolimarInternalRelease|Mixed Platforms.ActiveCfg = Release|x64
		{9394710F-23DA-4816-8F33-B62489F7FB8B}.SolimarInternalRelease|Mixed Platforms.Build.0 = Release|x64
		{9394710F-23DA-4816-8F33-B62489F7FB8B}.SolimarInternalRelease|Win32.ActiveCfg = Release|Win32
		{9394710F-23DA-4816-8F33-B62489F7FB8B}.SolimarInternalRelease|Win32.Build.0 = Release|Win32
		{9394710F-23DA-4816-8F33-B62489F7FB8B}.SolimarInternalRelease|x64.ActiveCfg = Release|x64
		{49297001-133B-431B-9E9B-71E8620ADAD7}.Debug|Any CPU.ActiveCfg = Debug|Any CPU
		{49297001-133B-431B-9E9B-71E8620ADAD7}.Debug|Mixed Platforms.ActiveCfg = Debug|Any CPU
		{49297001-133B-431B-9E9B-71E8620ADAD7}.Debug|Mixed Platforms.Build.0 = Debug|Any CPU
		{49297001-133B-431B-9E9B-71E8620ADAD7}.Debug|Win32.ActiveCfg = Debug|Any CPU
		{49297001-133B-431B-9E9B-71E8620ADAD7}.Debug|x64.ActiveCfg = Debug|Any CPU
		{49297001-133B-431B-9E9B-71E8620ADAD7}.Release|Any CPU.ActiveCfg = Release|Any CPU
		{49297001-133B-431B-9E9B-71E8620ADAD7}.Release|Any CPU.Build.0 = Release|Any CPU
		{49297001-133B-431B-9E9B-71E8620ADAD7}.Release|Mixed Platforms.ActiveCfg = Release|Any CPU
		{49297001-133B-431B-9E9B-71E8620ADAD7}.Release|Mixed Platforms.Build.0 = Release|Any CPU
		{49297001-133B-431B-9E9B-71E8620ADAD7}.Release|Win32.ActiveCfg = Release|Any CPU
		{49297001-133B-431B-9E9B-71E8620ADAD7}.Release|x64.ActiveCfg = Release|Any CPU
		{49297001-133B-431B-9E9B-71E8620ADAD7}.SolimarInternalRelease|Any CPU.ActiveCfg = Release|Any CPU
		{49297001-133B-431B-9E9B-71E8620ADAD7}.SolimarInternalRelease|Any CPU.Build.0 = Release|Any CPU
		{49297001-133B-431B-9E9B-71E8620ADAD7}.SolimarInternalRelease|Mixed Platforms.ActiveCfg = Release|Any CPU
		{49297001-133B-431B-9E9B-71E8620ADAD7}.SolimarInternalRelease|Mixed Platforms.Build.0 = Release|Any CPU
		{49297001-133B-431B-9E9B-71E8620ADAD7}.SolimarInternalRelease|Win32.ActiveCfg = Release|Any CPU
		{49297001-133B-431B-9E9B-71E8620ADAD7}.SolimarInternalRelease|Win32.Build.0 = Release|Any CPU
		{49297001-133B-431B-9E9B-71E8620ADAD7}.SolimarInternalRelease|x64.ActiveCfg = Release|Any CPU
		{0EA7EB67-EEBA-411B-80F4-D9E00250FFF4}.Debug|Any CPU.ActiveCfg = Debug|x64
		{0EA7EB67-EEBA-411B-80F4-D9E00250FFF4}.Debug|Mixed Platforms.ActiveCfg = Debug|x64
		{0EA7EB67-EEBA-411B-80F4-D9E00250FFF4}.Debug|Win32.ActiveCfg = Debug|Win32
		{0EA7EB67-EEBA-411B-80F4-D9E00250FFF4}.Debug|x64.ActiveCfg = Debug|x64
		{0EA7EB67-EEBA-411B-80F4-D9E00250FFF4}.Release|Any CPU.ActiveCfg = Release|Win32
		{0EA7EB67-EEBA-411B-80F4-D9E00250FFF4}.Release|Mixed Platforms.ActiveCfg = Release|x64
		{0EA7EB67-EEBA-411B-80F4-D9E00250FFF4}.Release|Mixed Platforms.Build.0 = Release|x64
		{0EA7EB67-EEBA-411B-80F4-D9E00250FFF4}.Release|Win32.ActiveCfg = Release|Win32
		{0EA7EB67-EEBA-411B-80F4-D9E00250FFF4}.Release|x64.ActiveCfg = Release|x64
		{0EA7EB67-EEBA-411B-80F4-D9E00250FFF4}.SolimarInternalRelease|Any CPU.ActiveCfg = Release|x64
		{0EA7EB67-EEBA-411B-80F4-D9E00250FFF4}.SolimarInternalRelease|Mixed Platforms.ActiveCfg = Release|x64
		{0EA7EB67-EEBA-411B-80F4-D9E00250FFF4}.SolimarInternalRelease|Mixed Platforms.Build.0 = Release|x64
		{0EA7EB67-EEBA-411B-80F4-D9E00250FFF4}.SolimarInternalRelease|Win32.ActiveCfg = Release|Win32
		{0EA7EB67-EEBA-411B-80F4-D9E00250FFF4}.SolimarInternalRelease|x64.ActiveCfg = Release|x64
		{0EA7EB67-EEBA-411B-80F4-D9E00250FFF4}.SolimarInternalRelease|x64.Build.0 = Release|x64
		{8FB109FF-36E9-4A3F-A2D6-9DE37EFA2C78}.Debug|Any CPU.ActiveCfg = Debug|Any CPU
		{8FB109FF-36E9-4A3F-A2D6-9DE37EFA2C78}.Debug|Any CPU.Build.0 = Debug|Any CPU
		{8FB109FF-36E9-4A3F-A2D6-9DE37EFA2C78}.Debug|Mixed Platforms.ActiveCfg = Debug|Any CPU
		{8FB109FF-36E9-4A3F-A2D6-9DE37EFA2C78}.Debug|Mixed Platforms.Build.0 = Debug|Any CPU
		{8FB109FF-36E9-4A3F-A2D6-9DE37EFA2C78}.Debug|Win32.ActiveCfg = Debug|Any CPU
		{8FB109FF-36E9-4A3F-A2D6-9DE37EFA2C78}.Debug|Win32.Build.0 = Debug|Any CPU
		{8FB109FF-36E9-4A3F-A2D6-9DE37EFA2C78}.Debug|x64.ActiveCfg = Debug|Any CPU
		{8FB109FF-36E9-4A3F-A2D6-9DE37EFA2C78}.Debug|x64.Build.0 = Debug|Any CPU
		{8FB109FF-36E9-4A3F-A2D6-9DE37EFA2C78}.Release|Any CPU.ActiveCfg = Release|Any CPU
		{8FB109FF-36E9-4A3F-A2D6-9DE37EFA2C78}.Release|Any CPU.Build.0 = Release|Any CPU
		{8FB109FF-36E9-4A3F-A2D6-9DE37EFA2C78}.Release|Mixed Platforms.ActiveCfg = Release|Any CPU
		{8FB109FF-36E9-4A3F-A2D6-9DE37EFA2C78}.Release|Mixed Platforms.Build.0 = Release|Any CPU
		{8FB109FF-36E9-4A3F-A2D6-9DE37EFA2C78}.Release|Win32.ActiveCfg = Release|Any CPU
		{8FB109FF-36E9-4A3F-A2D6-9DE37EFA2C78}.Release|Win32.Build.0 = Release|Any CPU
		{8FB109FF-36E9-4A3F-A2D6-9DE37EFA2C78}.Release|x64.ActiveCfg = Release|Any CPU
		{8FB109FF-36E9-4A3F-A2D6-9DE37EFA2C78}.SolimarInternalRelease|Any CPU.ActiveCfg = Release|Any CPU
		{8FB109FF-36E9-4A3F-A2D6-9DE37EFA2C78}.SolimarInternalRelease|Any CPU.Build.0 = Release|Any CPU
		{8FB109FF-36E9-4A3F-A2D6-9DE37EFA2C78}.SolimarInternalRelease|Mixed Platforms.ActiveCfg = Release|Any CPU
		{8FB109FF-36E9-4A3F-A2D6-9DE37EFA2C78}.SolimarInternalRelease|Mixed Platforms.Build.0 = Release|Any CPU
		{8FB109FF-36E9-4A3F-A2D6-9DE37EFA2C78}.SolimarInternalRelease|Win32.ActiveCfg = Release|Any CPU
		{8FB109FF-36E9-4A3F-A2D6-9DE37EFA2C78}.SolimarInternalRelease|x64.ActiveCfg = Release|Any CPU
		{EC94C25C-1C53-4A77-A5F0-3047377944D4}.Debug|Any CPU.ActiveCfg = Debug|Any CPU
		{EC94C25C-1C53-4A77-A5F0-3047377944D4}.Debug|Any CPU.Build.0 = Debug|Any CPU
		{EC94C25C-1C53-4A77-A5F0-3047377944D4}.Debug|Mixed Platforms.ActiveCfg = Debug|Any CPU
		{EC94C25C-1C53-4A77-A5F0-3047377944D4}.Debug|Mixed Platforms.Build.0 = Debug|Any CPU
		{EC94C25C-1C53-4A77-A5F0-3047377944D4}.Debug|Win32.ActiveCfg = Debug|Any CPU
		{EC94C25C-1C53-4A77-A5F0-3047377944D4}.Debug|Win32.Build.0 = Debug|Any CPU
		{EC94C25C-1C53-4A77-A5F0-3047377944D4}.Debug|x64.ActiveCfg = Debug|Any CPU
		{EC94C25C-1C53-4A77-A5F0-3047377944D4}.Debug|x64.Build.0 = Debug|Any CPU
		{EC94C25C-1C53-4A77-A5F0-3047377944D4}.Release|Any CPU.ActiveCfg = Release|Any CPU
		{EC94C25C-1C53-4A77-A5F0-3047377944D4}.Release|Any CPU.Build.0 = Release|Any CPU
		{EC94C25C-1C53-4A77-A5F0-3047377944D4}.Release|Mixed Platforms.ActiveCfg = Release|Any CPU
		{EC94C25C-1C53-4A77-A5F0-3047377944D4}.Release|Mixed Platforms.Build.0 = Release|Any CPU
		{EC94C25C-1C53-4A77-A5F0-3047377944D4}.Release|Win32.ActiveCfg = Release|Any CPU
		{EC94C25C-1C53-4A77-A5F0-3047377944D4}.Release|Win32.Build.0 = Release|Any CPU
		{EC94C25C-1C53-4A77-A5F0-3047377944D4}.Release|x64.ActiveCfg = Release|Any CPU
		{EC94C25C-1C53-4A77-A5F0-3047377944D4}.SolimarInternalRelease|Any CPU.ActiveCfg = Release|Any CPU
		{EC94C25C-1C53-4A77-A5F0-3047377944D4}.SolimarInternalRelease|Any CPU.Build.0 = Release|Any CPU
		{EC94C25C-1C53-4A77-A5F0-3047377944D4}.SolimarInternalRelease|Mixed Platforms.ActiveCfg = Release|Any CPU
		{EC94C25C-1C53-4A77-A5F0-3047377944D4}.SolimarInternalRelease|Mixed Platforms.Build.0 = Release|Any CPU
		{EC94C25C-1C53-4A77-A5F0-3047377944D4}.SolimarInternalRelease|Win32.ActiveCfg = Release|Any CPU
		{EC94C25C-1C53-4A77-A5F0-3047377944D4}.SolimarInternalRelease|x64.ActiveCfg = Release|Any CPU
		{1B63AAE8-F2DF-4495-A7E1-2277ED836BF1}.Debug|Any CPU.ActiveCfg = Debug|Any CPU
		{1B63AAE8-F2DF-4495-A7E1-2277ED836BF1}.Debug|Any CPU.Build.0 = Debug|Any CPU
		{1B63AAE8-F2DF-4495-A7E1-2277ED836BF1}.Debug|Mixed Platforms.ActiveCfg = Debug|Any CPU
		{1B63AAE8-F2DF-4495-A7E1-2277ED836BF1}.Debug|Mixed Platforms.Build.0 = Debug|Any CPU
		{1B63AAE8-F2DF-4495-A7E1-2277ED836BF1}.Debug|Win32.ActiveCfg = Debug|Any CPU
		{1B63AAE8-F2DF-4495-A7E1-2277ED836BF1}.Debug|Win32.Build.0 = Debug|Any CPU
		{1B63AAE8-F2DF-4495-A7E1-2277ED836BF1}.Debug|x64.ActiveCfg = Debug|Any CPU
		{1B63AAE8-F2DF-4495-A7E1-2277ED836BF1}.Debug|x64.Build.0 = Debug|Any CPU
		{1B63AAE8-F2DF-4495-A7E1-2277ED836BF1}.Release|Any CPU.ActiveCfg = Release|Any CPU
		{1B63AAE8-F2DF-4495-A7E1-2277ED836BF1}.Release|Any CPU.Build.0 = Release|Any CPU
		{1B63AAE8-F2DF-4495-A7E1-2277ED836BF1}.Release|Mixed Platforms.ActiveCfg = Release|Any CPU
		{1B63AAE8-F2DF-4495-A7E1-2277ED836BF1}.Release|Mixed Platforms.Build.0 = Release|Any CPU
		{1B63AAE8-F2DF-4495-A7E1-2277ED836BF1}.Release|Win32.ActiveCfg = Release|Any CPU
		{1B63AAE8-F2DF-4495-A7E1-2277ED836BF1}.Release|Win32.Build.0 = Release|Any CPU
		{1B63AAE8-F2DF-4495-A7E1-2277ED836BF1}.Release|x64.ActiveCfg = Release|Any CPU
		{1B63AAE8-F2DF-4495-A7E1-2277ED836BF1}.SolimarInternalRelease|Any CPU.ActiveCfg = Release|Any CPU
		{1B63AAE8-F2DF-4495-A7E1-2277ED836BF1}.SolimarInternalRelease|Any CPU.Build.0 = Release|Any CPU
		{1B63AAE8-F2DF-4495-A7E1-2277ED836BF1}.SolimarInternalRelease|Mixed Platforms.ActiveCfg = Release|Any CPU
		{1B63AAE8-F2DF-4495-A7E1-2277ED836BF1}.SolimarInternalRelease|Mixed Platforms.Build.0 = Release|Any CPU
		{1B63AAE8-F2DF-4495-A7E1-2277ED836BF1}.SolimarInternalRelease|Win32.ActiveCfg = Release|Any CPU
		{1B63AAE8-F2DF-4495-A7E1-2277ED836BF1}.SolimarInternalRelease|x64.ActiveCfg = Release|Any CPU
		{E54415C2-DBB5-4711-89FB-B1EE46997D7E}.Debug|Any CPU.ActiveCfg = Debug|Win32
		{E54415C2-DBB5-4711-89FB-B1EE46997D7E}.Debug|Mixed Platforms.ActiveCfg = Debug|Win32
		{E54415C2-DBB5-4711-89FB-B1EE46997D7E}.Debug|Mixed Platforms.Build.0 = Debug|Win32
		{E54415C2-DBB5-4711-89FB-B1EE46997D7E}.Debug|Win32.ActiveCfg = Debug|Win32
		{E54415C2-DBB5-4711-89FB-B1EE46997D7E}.Debug|Win32.Build.0 = Debug|Win32
		{E54415C2-DBB5-4711-89FB-B1EE46997D7E}.Debug|x64.ActiveCfg = Debug|Win32
		{E54415C2-DBB5-4711-89FB-B1EE46997D7E}.Release|Any CPU.ActiveCfg = Release|Win32
		{E54415C2-DBB5-4711-89FB-B1EE46997D7E}.Release|Mixed Platforms.ActiveCfg = Release|Win32
		{E54415C2-DBB5-4711-89FB-B1EE46997D7E}.Release|Mixed Platforms.Build.0 = Release|Win32
		{E54415C2-DBB5-4711-89FB-B1EE46997D7E}.Release|Win32.ActiveCfg = Release|Win32
		{E54415C2-DBB5-4711-89FB-B1EE46997D7E}.Release|Win32.Build.0 = Release|Win32
		{E54415C2-DBB5-4711-89FB-B1EE46997D7E}.Release|x64.ActiveCfg = Release|x64
		{E54415C2-DBB5-4711-89FB-B1EE46997D7E}.Release|x64.Build.0 = Release|x64
		{E54415C2-DBB5-4711-89FB-B1EE46997D7E}.SolimarInternalRelease|Any CPU.ActiveCfg = Release|Win32
		{E54415C2-DBB5-4711-89FB-B1EE46997D7E}.SolimarInternalRelease|Mixed Platforms.ActiveCfg = Release|Win32
		{E54415C2-DBB5-4711-89FB-B1EE46997D7E}.SolimarInternalRelease|Mixed Platforms.Build.0 = Release|Win32
		{E54415C2-DBB5-4711-89FB-B1EE46997D7E}.SolimarInternalRelease|Win32.ActiveCfg = Release|Win32
		{E54415C2-DBB5-4711-89FB-B1EE46997D7E}.SolimarInternalRelease|Win32.Build.0 = Release|Win32
		{E54415C2-DBB5-4711-89FB-B1EE46997D7E}.SolimarInternalRelease|x64.ActiveCfg = Release|x64
		{E54415C2-DBB5-4711-89FB-B1EE46997D7E}.SolimarInternalRelease|x64.Build.0 = Release|x64
		{78B138EC-7471-4211-94A1-5DDEAC255AFE}.Debug|Any CPU.ActiveCfg = Debug|Any CPU
		{78B138EC-7471-4211-94A1-5DDEAC255AFE}.Debug|Any CPU.Build.0 = Debug|Any CPU
		{78B138EC-7471-4211-94A1-5DDEAC255AFE}.Debug|Mixed Platforms.ActiveCfg = Debug|Any CPU
		{78B138EC-7471-4211-94A1-5DDEAC255AFE}.Debug|Mixed Platforms.Build.0 = Debug|Any CPU
		{78B138EC-7471-4211-94A1-5DDEAC255AFE}.Debug|Win32.ActiveCfg = Debug|Any CPU
		{78B138EC-7471-4211-94A1-5DDEAC255AFE}.Debug|x64.ActiveCfg = Debug|Any CPU
		{78B138EC-7471-4211-94A1-5DDEAC255AFE}.Release|Any CPU.ActiveCfg = Release|Any CPU
		{78B138EC-7471-4211-94A1-5DDEAC255AFE}.Release|Mixed Platforms.ActiveCfg = Release|Any CPU
		{78B138EC-7471-4211-94A1-5DDEAC255AFE}.Release|Mixed Platforms.Build.0 = Release|Any CPU
		{78B138EC-7471-4211-94A1-5DDEAC255AFE}.Release|Win32.ActiveCfg = Release|Any CPU
		{78B138EC-7471-4211-94A1-5DDEAC255AFE}.Release|x64.ActiveCfg = Release|Any CPU
		{78B138EC-7471-4211-94A1-5DDEAC255AFE}.SolimarInternalRelease|Any CPU.ActiveCfg = Release|Any CPU
		{78B138EC-7471-4211-94A1-5DDEAC255AFE}.SolimarInternalRelease|Any CPU.Build.0 = Release|Any CPU
		{78B138EC-7471-4211-94A1-5DDEAC255AFE}.SolimarInternalRelease|Mixed Platforms.ActiveCfg = Release|Any CPU
		{78B138EC-7471-4211-94A1-5DDEAC255AFE}.SolimarInternalRelease|Mixed Platforms.Build.0 = Release|Any CPU
		{78B138EC-7471-4211-94A1-5DDEAC255AFE}.SolimarInternalRelease|Win32.ActiveCfg = Release|Any CPU
		{78B138EC-7471-4211-94A1-5DDEAC255AFE}.SolimarInternalRelease|x64.ActiveCfg = Release|Any CPU
		{DD791949-C013-44C7-9044-0BD21F9AAB50}.Debug|Any CPU.ActiveCfg = Debug|x64
		{DD791949-C013-44C7-9044-0BD21F9AAB50}.Debug|Mixed Platforms.ActiveCfg = Debug|x64
		{DD791949-C013-44C7-9044-0BD21F9AAB50}.Debug|Mixed Platforms.Build.0 = Debug|x64
		{DD791949-C013-44C7-9044-0BD21F9AAB50}.Debug|Win32.ActiveCfg = Debug|Win32
		{DD791949-C013-44C7-9044-0BD21F9AAB50}.Debug|Win32.Build.0 = Debug|Win32
		{DD791949-C013-44C7-9044-0BD21F9AAB50}.Debug|x64.ActiveCfg = Debug|x64
		{DD791949-C013-44C7-9044-0BD21F9AAB50}.Debug|x64.Build.0 = Debug|x64
		{DD791949-C013-44C7-9044-0BD21F9AAB50}.Release|Any CPU.ActiveCfg = Release|Win32
		{DD791949-C013-44C7-9044-0BD21F9AAB50}.Release|Mixed Platforms.ActiveCfg = Release|x64
		{DD791949-C013-44C7-9044-0BD21F9AAB50}.Release|Mixed Platforms.Build.0 = Release|x64
		{DD791949-C013-44C7-9044-0BD21F9AAB50}.Release|Win32.ActiveCfg = Release|Win32
		{DD791949-C013-44C7-9044-0BD21F9AAB50}.Release|Win32.Build.0 = Release|Win32
		{DD791949-C013-44C7-9044-0BD21F9AAB50}.Release|x64.ActiveCfg = Release|x64
		{DD791949-C013-44C7-9044-0BD21F9AAB50}.Release|x64.Build.0 = Release|x64
		{DD791949-C013-44C7-9044-0BD21F9AAB50}.SolimarInternalRelease|Any CPU.ActiveCfg = SolimarInternalRelease|x64
		{DD791949-C013-44C7-9044-0BD21F9AAB50}.SolimarInternalRelease|Mixed Platforms.ActiveCfg = SolimarInternalRelease|x64
		{DD791949-C013-44C7-9044-0BD21F9AAB50}.SolimarInternalRelease|Mixed Platforms.Build.0 = SolimarInternalRelease|x64
		{DD791949-C013-44C7-9044-0BD21F9AAB50}.SolimarInternalRelease|Win32.ActiveCfg = SolimarInternalRelease|Win32
		{DD791949-C013-44C7-9044-0BD21F9AAB50}.SolimarInternalRelease|Win32.Build.0 = SolimarInternalRelease|Win32
		{DD791949-C013-44C7-9044-0BD21F9AAB50}.SolimarInternalRelease|x64.ActiveCfg = SolimarInternalRelease|x64
		{DD791949-C013-44C7-9044-0BD21F9AAB50}.SolimarInternalRelease|x64.Build.0 = SolimarInternalRelease|x64
		{BCFA3DE0-8538-400C-8072-23EC09537DBF}.Debug|Any CPU.ActiveCfg = Debug|Any CPU
		{BCFA3DE0-8538-400C-8072-23EC09537DBF}.Debug|Any CPU.Build.0 = Debug|Any CPU
		{BCFA3DE0-8538-400C-8072-23EC09537DBF}.Debug|Mixed Platforms.ActiveCfg = Debug|Any CPU
		{BCFA3DE0-8538-400C-8072-23EC09537DBF}.Debug|Mixed Platforms.Build.0 = Debug|Any CPU
		{BCFA3DE0-8538-400C-8072-23EC09537DBF}.Debug|Win32.ActiveCfg = Debug|Any CPU
		{BCFA3DE0-8538-400C-8072-23EC09537DBF}.Debug|x64.ActiveCfg = Debug|Any CPU
		{BCFA3DE0-8538-400C-8072-23EC09537DBF}.Release|Any CPU.ActiveCfg = Release|Any CPU
		{BCFA3DE0-8538-400C-8072-23EC09537DBF}.Release|Mixed Platforms.ActiveCfg = Release|Any CPU
		{BCFA3DE0-8538-400C-8072-23EC09537DBF}.Release|Mixed Platforms.Build.0 = Release|Any CPU
		{BCFA3DE0-8538-400C-8072-23EC09537DBF}.Release|Win32.ActiveCfg = Release|Any CPU
		{BCFA3DE0-8538-400C-8072-23EC09537DBF}.Release|x64.ActiveCfg = Release|Any CPU
		{BCFA3DE0-8538-400C-8072-23EC09537DBF}.SolimarInternalRelease|Any CPU.ActiveCfg = Release|Any CPU
		{BCFA3DE0-8538-400C-8072-23EC09537DBF}.SolimarInternalRelease|Any CPU.Build.0 = Release|Any CPU
		{BCFA3DE0-8538-400C-8072-23EC09537DBF}.SolimarInternalRelease|Mixed Platforms.ActiveCfg = Release|Any CPU
		{BCFA3DE0-8538-400C-8072-23EC09537DBF}.SolimarInternalRelease|Mixed Platforms.Build.0 = Release|Any CPU
		{BCFA3DE0-8538-400C-8072-23EC09537DBF}.SolimarInternalRelease|Win32.ActiveCfg = Release|Any CPU
		{BCFA3DE0-8538-400C-8072-23EC09537DBF}.SolimarInternalRelease|x64.ActiveCfg = Release|Any CPU
		{C7555889-9008-4378-BA32-51E82938B624}.Debug|Any CPU.ActiveCfg = Debug|Any CPU
		{C7555889-9008-4378-BA32-51E82938B624}.Debug|Any CPU.Build.0 = Debug|Any CPU
		{C7555889-9008-4378-BA32-51E82938B624}.Debug|Mixed Platforms.ActiveCfg = Debug|Any CPU
		{C7555889-9008-4378-BA32-51E82938B624}.Debug|Mixed Platforms.Build.0 = Debug|Any CPU
		{C7555889-9008-4378-BA32-51E82938B624}.Debug|Win32.ActiveCfg = Debug|Any CPU
		{C7555889-9008-4378-BA32-51E82938B624}.Debug|x64.ActiveCfg = Debug|Any CPU
		{C7555889-9008-4378-BA32-51E82938B624}.Release|Any CPU.ActiveCfg = Release|Any CPU
		{C7555889-9008-4378-BA32-51E82938B624}.Release|Mixed Platforms.ActiveCfg = Release|Any CPU
		{C7555889-9008-4378-BA32-51E82938B624}.Release|Mixed Platforms.Build.0 = Release|Any CPU
		{C7555889-9008-4378-BA32-51E82938B624}.Release|Win32.ActiveCfg = Release|Any CPU
		{C7555889-9008-4378-BA32-51E82938B624}.Release|x64.ActiveCfg = Release|Any CPU
		{C7555889-9008-4378-BA32-51E82938B624}.SolimarInternalRelease|Any CPU.ActiveCfg = Release|Any CPU
		{C7555889-9008-4378-BA32-51E82938B624}.SolimarInternalRelease|Any CPU.Build.0 = Release|Any CPU
		{C7555889-9008-4378-BA32-51E82938B624}.SolimarInternalRelease|Mixed Platforms.ActiveCfg = Release|Any CPU
		{C7555889-9008-4378-BA32-51E82938B624}.SolimarInternalRelease|Mixed Platforms.Build.0 = Release|Any CPU
		{C7555889-9008-4378-BA32-51E82938B624}.SolimarInternalRelease|Win32.ActiveCfg = Release|Any CPU
		{C7555889-9008-4378-BA32-51E82938B624}.SolimarInternalRelease|x64.ActiveCfg = Release|Any CPU
		{D68D0C3B-62EB-4958-9EA6-F709A0F50CBA}.Debug|Any CPU.ActiveCfg = Debug|Win32
		{D68D0C3B-62EB-4958-9EA6-F709A0F50CBA}.Debug|Mixed Platforms.ActiveCfg = Debug|Win32
		{D68D0C3B-62EB-4958-9EA6-F709A0F50CBA}.Debug|Mixed Platforms.Build.0 = Debug|Win32
		{D68D0C3B-62EB-4958-9EA6-F709A0F50CBA}.Debug|Win32.ActiveCfg = Debug|Win32
		{D68D0C3B-62EB-4958-9EA6-F709A0F50CBA}.Debug|Win32.Build.0 = Debug|Win32
		{D68D0C3B-62EB-4958-9EA6-F709A0F50CBA}.Debug|x64.ActiveCfg = Debug|x64
		{D68D0C3B-62EB-4958-9EA6-F709A0F50CBA}.Debug|x64.Build.0 = Debug|x64
		{D68D0C3B-62EB-4958-9EA6-F709A0F50CBA}.Release|Any CPU.ActiveCfg = Release|Win32
		{D68D0C3B-62EB-4958-9EA6-F709A0F50CBA}.Release|Mixed Platforms.ActiveCfg = Release|Win32
		{D68D0C3B-62EB-4958-9EA6-F709A0F50CBA}.Release|Mixed Platforms.Build.0 = Release|Win32
		{D68D0C3B-62EB-4958-9EA6-F709A0F50CBA}.Release|Win32.ActiveCfg = Release|Win32
		{D68D0C3B-62EB-4958-9EA6-F709A0F50CBA}.Release|Win32.Build.0 = Release|Win32
		{D68D0C3B-62EB-4958-9EA6-F709A0F50CBA}.Release|x64.ActiveCfg = Release|x64
		{D68D0C3B-62EB-4958-9EA6-F709A0F50CBA}.Release|x64.Build.0 = Release|x64
		{D68D0C3B-62EB-4958-9EA6-F709A0F50CBA}.SolimarInternalRelease|Any CPU.ActiveCfg = Release|Win32
		{D68D0C3B-62EB-4958-9EA6-F709A0F50CBA}.SolimarInternalRelease|Mixed Platforms.ActiveCfg = Release|Win32
		{D68D0C3B-62EB-4958-9EA6-F709A0F50CBA}.SolimarInternalRelease|Mixed Platforms.Build.0 = Release|Win32
		{D68D0C3B-62EB-4958-9EA6-F709A0F50CBA}.SolimarInternalRelease|Win32.ActiveCfg = Release|Win32
		{D68D0C3B-62EB-4958-9EA6-F709A0F50CBA}.SolimarInternalRelease|Win32.Build.0 = Release|Win32
		{D68D0C3B-62EB-4958-9EA6-F709A0F50CBA}.SolimarInternalRelease|x64.ActiveCfg = Release|x64
		{D68D0C3B-62EB-4958-9EA6-F709A0F50CBA}.SolimarInternalRelease|x64.Build.0 = Release|x64
	EndGlobalSection
	GlobalSection(SolutionProperties) = preSolution
		HideSolutionNode = FALSE
	EndGlobalSection
	GlobalSection(DPCodeReviewSolutionGUID) = preSolution
		DPCodeReviewSolutionGUID = {00000000-0000-0000-0000-000000000000}
	EndGlobalSection
EndGlobal
