<?xml version="1.0" encoding="utf-8"?>
<Project ToolsVersion="4.0" xmlns="http://schemas.microsoft.com/developer/msbuild/2003">
  <ItemGroup>
    <Filter Include="Source">
      <UniqueIdentifier>{77ec464e-f97f-4075-8da8-31250724941f}</UniqueIdentifier>
      <Extensions>cpp;c;rc;def</Extensions>
    </Filter>
  </ItemGroup>
  <ItemGroup>
    <ClCompile Include="source\ADLER32.C">
      <Filter>Source</Filter>
    </ClCompile>
    <ClCompile Include="source\COMPRESS.C">
      <Filter>Source</Filter>
    </ClCompile>
    <ClCompile Include="source\CRC32.C">
      <Filter>Source</Filter>
    </ClCompile>
    <ClCompile Include="source\DEFLATE.C">
      <Filter>Source</Filter>
    </ClCompile>
    <ClCompile Include="source\GZIO.C">
      <Filter>Source</Filter>
    </ClCompile>
    <ClCompile Include="source\INFBLOCK.C">
      <Filter>Source</Filter>
    </ClCompile>
    <ClCompile Include="source\INFCODES.C">
      <Filter>Source</Filter>
    </ClCompile>
    <ClCompile Include="source\INFFAST.C">
      <Filter>Source</Filter>
    </ClCompile>
    <ClCompile Include="source\INFLATE.C">
      <Filter>Source</Filter>
    </ClCompile>
    <ClCompile Include="source\INFTREES.C">
      <Filter>Source</Filter>
    </ClCompile>
    <ClCompile Include="source\INFUTIL.C">
      <Filter>Source</Filter>
    </ClCompile>
    <ClCompile Include="source\TREES.C">
      <Filter>Source</Filter>
    </ClCompile>
    <ClCompile Include="source\UNCOMPR.C">
      <Filter>Source</Filter>
    </ClCompile>
    <ClCompile Include="source\ZUTIL.C">
      <Filter>Source</Filter>
    </ClCompile>
  </ItemGroup>
</Project>