<?xml version="1.0" encoding="utf-8"?>
<Project ToolsVersion="4.0" xmlns="http://schemas.microsoft.com/developer/msbuild/2003">
  <ItemGroup>
    <Filter Include="Source Files">
      <UniqueIdentifier>{caa5d17c-b2a6-48d2-a227-c55ca2100eac}</UniqueIdentifier>
    </Filter>
    <Filter Include="Generated Files">
      <UniqueIdentifier>{110732a6-4d5b-45d4-82a0-9303b31b3b87}</UniqueIdentifier>
      <SourceControlFiles>False</SourceControlFiles>
    </Filter>
  </ItemGroup>
  <ItemGroup>
    <ClCompile Include="_SolimarLicenseManager_i.c">
      <Filter>Generated Files</Filter>
    </ClCompile>
    <ClCompile Include="_SolimarLicenseManager_p.c">
      <Filter>Generated Files</Filter>
    </ClCompile>
    <ClCompile Include="dlldata.c">
      <Filter>Generated Files</Filter>
    </ClCompile>
  </ItemGroup>
  <ItemGroup>
    <None Include="SolimarLicenseManagerps.def" />
  </ItemGroup>
</Project>