<?xml version="1.0" encoding="utf-8"?>
<Project ToolsVersion="4.0" xmlns="http://schemas.microsoft.com/developer/msbuild/2003">
  <ItemGroup>
    <Filter Include="Source Files">
      <UniqueIdentifier>{4FC737F1-C7A5-4376-A066-2A32D752A2FF}</UniqueIdentifier>
      <Extensions>cpp;c;cxx;def;odl;idl;hpj;bat;asm;asmx</Extensions>
    </Filter>
    <Filter Include="Header Files">
      <UniqueIdentifier>{93995380-89BD-4b04-88EB-625FBE52EBFB}</UniqueIdentifier>
      <Extensions>h;hpp;hxx;hm;inl;inc;xsd</Extensions>
    </Filter>
    <Filter Include="Resource Files">
      <UniqueIdentifier>{67DA6AB6-F800-4c08-8B7A-83BB121AAD01}</UniqueIdentifier>
      <Extensions>rc;ico;cur;bmp;dlg;rc2;rct;bin;rgs;gif;jpg;jpeg;jpe;resx</Extensions>
    </Filter>
  </ItemGroup>
  <ItemGroup>
    <ClCompile Include="..\common\apctimer.cpp">
      <Filter>Source Files</Filter>
    </ClCompile>
    <ClCompile Include="..\common\ChallengeResponse.cpp">
      <Filter>Source Files</Filter>
    </ClCompile>
    <ClCompile Include="..\common\ChallengeResponseHelper.cpp">
      <Filter>Source Files</Filter>
    </ClCompile>
    <ClCompile Include="..\common\COMUtils.cpp">
      <Filter>Source Files</Filter>
    </ClCompile>
    <ClCompile Include="..\common\CryptoHelper.cpp">
      <Filter>Source Files</Filter>
    </ClCompile>
    <ClCompile Include="..\common\EventLogHelper.cpp">
      <Filter>Source Files</Filter>
    </ClCompile>
    <ClCompile Include="..\common\EventLogLicenseHelper.cpp">
      <Filter>Source Files</Filter>
    </ClCompile>
    <ClCompile Include="..\SolimarLicenseServer\KeySpec.cpp">
      <Filter>Source Files</Filter>
    </ClCompile>
    <ClCompile Include="..\common\LicenseError.cpp">
      <Filter>Source Files</Filter>
    </ClCompile>
    <ClCompile Include="..\common\LicenseSettings.cpp">
      <Filter>Source Files</Filter>
    </ClCompile>
    <ClCompile Include="..\common\LicensingMessage.cpp">
      <Filter>Source Files</Filter>
    </ClCompile>
    <ClCompile Include="..\common\LicensingSoftwareMessage.cpp">
      <Filter>Source Files</Filter>
    </ClCompile>
    <ClCompile Include="..\common\NetworkUtils.cpp">
      <Filter>Source Files</Filter>
    </ClCompile>
    <ClCompile Include="..\common\SafeMutex.cpp">
      <Filter>Source Files</Filter>
    </ClCompile>
    <ClCompile Include="..\common\SoftwareSpecInstance.cpp">
      <Filter>Source Files</Filter>
    </ClCompile>
    <ClCompile Include="SolimarLicenseManager.cpp">
      <Filter>Source Files</Filter>
    </ClCompile>
    <ClCompile Include="SolimarLicenseMgr.cpp">
      <Filter>Source Files</Filter>
    </ClCompile>
    <ClCompile Include="..\common\LicAttribsCPP\SpdUtils.cpp">
      <Filter>Source Files</Filter>
    </ClCompile>
    <ClCompile Include="..\common\Version.cpp">
      <Filter>Source Files</Filter>
    </ClCompile>
    <ClCompile Include="..\common\XMLConfig.cpp">
      <Filter>Source Files</Filter>
    </ClCompile>
  </ItemGroup>
  <ItemGroup>
    <ClInclude Include="..\common\apctimer.h">
      <Filter>Header Files</Filter>
    </ClInclude>
    <ClInclude Include="..\common\ChallengeResponse.h">
      <Filter>Header Files</Filter>
    </ClInclude>
    <ClInclude Include="..\common\ChallengeResponseHelper.h">
      <Filter>Header Files</Filter>
    </ClInclude>
    <ClInclude Include="..\common\COMUtils.h">
      <Filter>Header Files</Filter>
    </ClInclude>
    <ClInclude Include="..\common\CryptoHelper.h">
      <Filter>Header Files</Filter>
    </ClInclude>
    <ClInclude Include="..\common\EventLogHelper.h">
      <Filter>Header Files</Filter>
    </ClInclude>
    <ClInclude Include="..\common\ILicensingMessage.h">
      <Filter>Header Files</Filter>
    </ClInclude>
    <ClInclude Include="..\common\InProcPtr.h">
      <Filter>Header Files</Filter>
    </ClInclude>
    <ClInclude Include="..\common\IObjectAuthentication.h">
      <Filter>Header Files</Filter>
    </ClInclude>
    <ClInclude Include="..\common\ISoftwareLicensingMessage.h">
      <Filter>Header Files</Filter>
    </ClInclude>
    <ClInclude Include="ISolimarLicenseMgr.h">
      <Filter>Header Files</Filter>
    </ClInclude>
    <ClInclude Include="..\SolimarLicenseServer\KeySpec.h">
      <Filter>Header Files</Filter>
    </ClInclude>
    <ClInclude Include="..\common\AutoGenerated_H\Lic_PackageAttribs.h">
      <Filter>Header Files</Filter>
    </ClInclude>
    <ClInclude Include="..\common\LicenseError.h">
      <Filter>Header Files</Filter>
    </ClInclude>
    <ClInclude Include="..\common\LicenseRegistryKeys.h">
      <Filter>Header Files</Filter>
    </ClInclude>
    <ClInclude Include="..\common\LicenseSettings.h">
      <Filter>Header Files</Filter>
    </ClInclude>
    <ClInclude Include="..\common\LicensingMessage.h">
      <Filter>Header Files</Filter>
    </ClInclude>
    <ClInclude Include="..\common\LicensingSoftwareMessage.h">
      <Filter>Header Files</Filter>
    </ClInclude>
    <ClInclude Include="..\common\NetworkUtils.h">
      <Filter>Header Files</Filter>
    </ClInclude>
    <ClInclude Include="..\common\Registry.h">
      <Filter>Header Files</Filter>
    </ClInclude>
    <ClInclude Include="Resource.h">
      <Filter>Header Files</Filter>
    </ClInclude>
    <ClInclude Include="..\common\SafeMutex.h">
      <Filter>Header Files</Filter>
    </ClInclude>
    <ClInclude Include="SolimarLicenseMgr.h">
      <Filter>Header Files</Filter>
    </ClInclude>
    <ClInclude Include="stdafx.h">
      <Filter>Header Files</Filter>
    </ClInclude>
    <ClInclude Include="..\common\Version.h">
      <Filter>Header Files</Filter>
    </ClInclude>
  </ItemGroup>
  <ItemGroup>
    <ResourceCompile Include="SolimarLicenseManager.rc">
      <Filter>Resource Files</Filter>
    </ResourceCompile>
  </ItemGroup>
  <ItemGroup>
    <None Include="SolimarLicenseManager.rgs">
      <Filter>Resource Files</Filter>
    </None>
  </ItemGroup>
  <ItemGroup>
    <Text Include="ReadMe.txt" />
  </ItemGroup>
</Project>